
Microsoft Visual Studio Solution File, Format Version 12.00
# Visual Studio Version 17
VisualStudioVersion = 17.4.33205.214
MinimumVisualStudioVersion = 10.0.40219.1
Project("{FAE04EC0-301F-11D3-BF4B-00C04F79EFBC}") = "FYP2_PROJECT", "FYP2_PROJECT\FYP2_PROJECT.csproj", "{C6F30C58-D1BC-482E-B3C5-503E3BB2E294}"
EndProject
Global
	GlobalSection(SolutionConfigurationPlatforms) = preSolution
		Debug|Any CPU = Debug|Any CPU
		Release|Any CPU = Release|Any CPU
	EndGlobalSection
	GlobalSection(ProjectConfigurationPlatforms) = postSolution
		{C6F30C58-D1BC-482E-B3C5-503E3BB2E294}.Debug|Any CPU.ActiveCfg = Debug|Any CPU
		{C6F30C58-D1BC-482E-B3C5-503E3BB2E294}.Debug|Any CPU.Build.0 = Debug|Any CPU
		{C6F30C58-D1BC-482E-B3C5-503E3BB2E294}.Release|Any CPU.ActiveCfg = Release|Any CPU
		{C6F30C58-D1BC-482E-B3C5-503E3BB2E294}.Release|Any CPU.Build.0 = Release|Any CPU
	EndGlobalSection
	GlobalSection(SolutionProperties) = preSolution
		HideSolutionNode = FALSE
	EndGlobalSection
	GlobalSection(ExtensibilityGlobals) = postSolution
		SolutionGuid = {F4C0A363-B486-4092-8E65-2D124F9FB230}
	EndGlobalSection
EndGlobal
